{
  "originHash" : "1509c88f61040c60c9ddab4c47fd2d0ef320d40d4932c30e5b2d2a74c91a9da1",
  "pins" : [
    {
      "identity" : "http-request-builder",
      "kind" : "remoteSourceControl",
      "location" : "https://github.com/4rays/http-request-builder",
      "state" : {
        "revision" : "b7b20a6c5b71790633fd80c4b895f8125951e0ef",
        "version" : "1.2.0"
      }
    }
  ],
  "version" : 3
}
